// !$*UTF8*$!
{
	archiveVersion = 1;
	classes = {
	};
	objectVersion = 51;
	objects = {

/* Begin PBXBuildFile section */
		048B8A7B2460138600AD218E /* AppDelegate.swift in Sources */ = {isa = PBXBuildFile; fileRef = 048B8A7A2460138600AD218E /* AppDelegate.swift */; };
		048B8A7F2460138600AD218E /* ViewController.swift in Sources */ = {isa = PBXBuildFile; fileRef = 048B8A7E2460138600AD218E /* ViewController.swift */; };
		048B8A842460138A00AD218E /* Assets.xcassets in Resources */ = {isa = PBXBuildFile; fileRef = 048B8A832460138A00AD218E /* Assets.xcassets */; };
		048B8A872460138A00AD218E /* LaunchScreen.storyboard in Resources */ = {isa = PBXBuildFile; fileRef = 048B8A852460138A00AD218E /* LaunchScreen.storyboard */; };
		048B8A94246014FE00AD218E /* LXQRCodeManager.podspec in Resources */ = {isa = PBXBuildFile; fileRef = 048B8A93246014FE00AD218E /* LXQRCodeManager.podspec */; };
		048B8ADF24604E7B00AD218E /* LXTestViewController.swift in Sources */ = {isa = PBXBuildFile; fileRef = 048B8ADE24604E7B00AD218E /* LXTestViewController.swift */; };
		83FBE290631BA2EF46964B0C /* Pods_LXQRCodeModule.framework in Frameworks */ = {isa = PBXBuildFile; fileRef = 7DE2D391B3A155E963CF8324 /* Pods_LXQRCodeModule.framework */; };
/* End PBXBuildFile section */

/* Begin PBXFileReference section */
		048B8A772460138600AD218E /* LXQRCodeModule.app */ = {isa = PBXFileReference; explicitFileType = wrapper.application; includeInIndex = 0; path = LXQRCodeModule.app; sourceTree = BUILT_PRODUCTS_DIR; };
		048B8A7A2460138600AD218E /* AppDelegate.swift */ = {isa = PBXFileReference; lastKnownFileType = sourcecode.swift; path = AppDelegate.swift; sourceTree = "<group>"; };
		048B8A7E2460138600AD218E /* ViewController.swift */ = {isa = PBXFileReference; lastKnownFileType = sourcecode.swift; path = ViewController.swift; sourceTree = "<group>"; };
		048B8A832460138A00AD218E /* Assets.xcassets */ = {isa = PBXFileReference; lastKnownFileType = folder.assetcatalog; path = Assets.xcassets; sourceTree = "<group>"; };
		048B8A862460138A00AD218E /* Base */ = {isa = PBXFileReference; lastKnownFileType = file.storyboard; name = Base; path = Base.lproj/LaunchScreen.storyboard; sourceTree = "<group>"; };
		048B8A882460138A00AD218E /* Info.plist */ = {isa = PBXFileReference; lastKnownFileType = text.plist.xml; path = Info.plist; sourceTree = "<group>"; };
		048B8A93246014FE00AD218E /* LXQRCodeManager.podspec */ = {isa = PBXFileReference; fileEncoding = 4; lastKnownFileType = text; path = LXQRCodeManager.podspec; sourceTree = "<group>"; };
		048B8ADE24604E7B00AD218E /* LXTestViewController.swift */ = {isa = PBXFileReference; lastKnownFileType = sourcecode.swift; path = LXTestViewController.swift; sourceTree = "<group>"; };
		5AE820D8DBC5D5A372C4ED48 /* Pods-LXQRCodeModule.debug.xcconfig */ = {isa = PBXFileReference; includeInIndex = 1; lastKnownFileType = text.xcconfig; name = "Pods-LXQRCodeModule.debug.xcconfig"; path = "Target Support Files/Pods-LXQRCodeModule/Pods-LXQRCodeModule.debug.xcconfig"; sourceTree = "<group>"; };
		7DE2D391B3A155E963CF8324 /* Pods_LXQRCodeModule.framework */ = {isa = PBXFileReference; explicitFileType = wrapper.framework; includeInIndex = 0; path = Pods_LXQRCodeModule.framework; sourceTree = BUILT_PRODUCTS_DIR; };
		EDC8D376720CF28636E8F299 /* Pods-LXQRCodeModule.release.xcconfig */ = {isa = PBXFileReference; includeInIndex = 1; lastKnownFileType = text.xcconfig; name = "Pods-LXQRCodeModule.release.xcconfig"; path = "Target Support Files/Pods-LXQRCodeModule/Pods-LXQRCodeModule.release.xcconfig"; sourceTree = "<group>"; };
/* End PBXFileReference section */

/* Begin PBXFrameworksBuildPhase section */
		048B8A742460138600AD218E /* Frameworks */ = {
			isa = PBXFrameworksBuildPhase;
			buildActionMask = 2147483647;
			files = (
				83FBE290631BA2EF46964B0C /* Pods_LXQRCodeModule.framework in Frameworks */,
			);
			runOnlyForDeploymentPostprocessing = 0;
		};
/* End PBXFrameworksBuildPhase section */

/* Begin PBXGroup section */
		048B8A6E2460138600AD218E = {
			isa = PBXGroup;
			children = (
				048B8A93246014FE00AD218E /* LXQRCodeManager.podspec */,
				048B8A792460138600AD218E /* LXQRCodeModule */,
				048B8A782460138600AD218E /* Products */,
				2CF46F34ED1A0B2499F1596A /* Pods */,
				792B88867137C08411321F01 /* Frameworks */,
			);
			sourceTree = "<group>";
		};
		048B8A782460138600AD218E /* Products */ = {
			isa = PBXGroup;
			children = (
				048B8A772460138600AD218E /* LXQRCodeModule.app */,
			);
			name = Products;
			sourceTree = "<group>";
		};
		048B8A792460138600AD218E /* LXQRCodeModule */ = {
			isa = PBXGroup;
			children = (
				048B8A7A2460138600AD218E /* AppDelegate.swift */,
				048B8A7E2460138600AD218E /* ViewController.swift */,
				048B8A832460138A00AD218E /* Assets.xcassets */,
				048B8A852460138A00AD218E /* LaunchScreen.storyboard */,
				048B8A882460138A00AD218E /* Info.plist */,
				048B8ADE24604E7B00AD218E /* LXTestViewController.swift */,
			);
			path = LXQRCodeModule;
			sourceTree = "<group>";
		};
		2CF46F34ED1A0B2499F1596A /* Pods */ = {
			isa = PBXGroup;
			children = (
				5AE820D8DBC5D5A372C4ED48 /* Pods-LXQRCodeModule.debug.xcconfig */,
				EDC8D376720CF28636E8F299 /* Pods-LXQRCodeModule.release.xcconfig */,
			);
			path = Pods;
			sourceTree = "<group>";
		};
		792B88867137C08411321F01 /* Frameworks */ = {
			isa = PBXGroup;
			children = (
				7DE2D391B3A155E963CF8324 /* Pods_LXQRCodeModule.framework */,
			);
			name = Frameworks;
			sourceTree = "<group>";
		};
/* End PBXGroup section */

/* Begin PBXNativeTarget section */
		048B8A762460138600AD218E /* LXQRCodeModule */ = {
			isa = PBXNativeTarget;
			buildConfigurationList = 048B8A8B2460138A00AD218E /* Build configuration list for PBXNativeTarget "LXQRCodeModule" */;
			buildPhases = (
				3323C4874F325D2C5692AA2E /* [CP] Check Pods Manifest.lock */,
				048B8A732460138600AD218E /* Sources */,
				048B8A742460138600AD218E /* Frameworks */,
				048B8A752460138600AD218E /* Resources */,
				280BCAFDBCDBACA3D85304F4 /* [CP] Embed Pods Frameworks */,
			);
			buildRules = (
			);
			dependencies = (
			);
			name = LXQRCodeModule;
			productName = LXQRCodeModule;
			productReference = 048B8A772460138600AD218E /* LXQRCodeModule.app */;
			productType = "com.apple.product-type.application";
		};
/* End PBXNativeTarget section */

/* Begin PBXProject section */
		048B8A6F2460138600AD218E /* Project object */ = {
			isa = PBXProject;
			attributes = {
				LastSwiftUpdateCheck = 1130;
				LastUpgradeCheck = 1130;
				ORGANIZATIONNAME = "李响";
				TargetAttributes = {
					048B8A762460138600AD218E = {
						CreatedOnToolsVersion = 11.3.1;
					};
				};
			};
			buildConfigurationList = 048B8A722460138600AD218E /* Build configuration list for PBXProject "LXQRCodeModule" */;
			compatibilityVersion = "Xcode 9.3";
			developmentRegion = en;
			hasScannedForEncodings = 0;
			knownRegions = (
				en,
				Base,
			);
			mainGroup = 048B8A6E2460138600AD218E;
			productRefGroup = 048B8A782460138600AD218E /* Products */;
			projectDirPath = "";
			projectRoot = "";
			targets = (
				048B8A762460138600AD218E /* LXQRCodeModule */,
			);
		};
/* End PBXProject section */

/* Begin PBXResourcesBuildPhase section */
		048B8A752460138600AD218E /* Resources */ = {
			isa = PBXResourcesBuildPhase;
			buildActionMask = 2147483647;
			files = (
				048B8A94246014FE00AD218E /* LXQRCodeManager.podspec in Resources */,
				048B8A872460138A00AD218E /* LaunchScreen.storyboard in Resources */,
				048B8A842460138A00AD218E /* Assets.xcassets in Resources */,
			);
			runOnlyForDeploymentPostprocessing = 0;
		};
/* End PBXResourcesBuildPhase section */

/* Begin PBXShellScriptBuildPhase section */
		280BCAFDBCDBACA3D85304F4 /* [CP] Embed Pods Frameworks */ = {
			isa = PBXShellScriptBuildPhase;
			buildActionMask = 2147483647;
			files = (
			);
			inputFileListPaths = (
				"${PODS_ROOT}/Target Support Files/Pods-LXQRCodeModule/Pods-LXQRCodeModule-frameworks-${CONFIGURATION}-input-files.xcfilelist",
			);
			name = "[CP] Embed Pods Frameworks";
			outputFileListPaths = (
				"${PODS_ROOT}/Target Support Files/Pods-LXQRCodeModule/Pods-LXQRCodeModule-frameworks-${CONFIGURATION}-output-files.xcfilelist",
			);
			runOnlyForDeploymentPostprocessing = 0;
			shellPath = /bin/sh;
			shellScript = "\"${PODS_ROOT}/Target Support Files/Pods-LXQRCodeModule/Pods-LXQRCodeModule-frameworks.sh\"\n";
			showEnvVarsInLog = 0;
		};
		3323C4874F325D2C5692AA2E /* [CP] Check Pods Manifest.lock */ = {
			isa = PBXShellScriptBuildPhase;
			buildActionMask = 2147483647;
			files = (
			);
			inputFileListPaths = (
			);
			inputPaths = (
				"${PODS_PODFILE_DIR_PATH}/Podfile.lock",
				"${PODS_ROOT}/Manifest.lock",
			);
			name = "[CP] Check Pods Manifest.lock";
			outputFileListPaths = (
			);
			outputPaths = (
				"$(DERIVED_FILE_DIR)/Pods-LXQRCodeModule-checkManifestLockResult.txt",
			);
			runOnlyForDeploymentPostprocessing = 0;
			shellPath = /bin/sh;
			shellScript = "diff \"${PODS_PODFILE_DIR_PATH}/Podfile.lock\" \"${PODS_ROOT}/Manifest.lock\" > /dev/null\nif [ $? != 0 ] ; then\n    # print error to STDERR\n    echo \"error: The sandbox is not in sync with the Podfile.lock. Run 'pod install' or update your CocoaPods installation.\" >&2\n    exit 1\nfi\n# This output is used by Xcode 'outputs' to avoid re-running this script phase.\necho \"SUCCESS\" > \"${SCRIPT_OUTPUT_FILE_0}\"\n";
			showEnvVarsInLog = 0;
		};
/* End PBXShellScriptBuildPhase section */

/* Begin PBXSourcesBuildPhase section */
		048B8A732460138600AD218E /* Sources */ = {
			isa = PBXSourcesBuildPhase;
			buildActionMask = 2147483647;
			files = (
				048B8A7F2460138600AD218E /* ViewController.swift in Sources */,
				048B8ADF24604E7B00AD218E /* LXTestViewController.swift in Sources */,
				048B8A7B2460138600AD218E /* AppDelegate.swift in Sources */,
			);
			runOnlyForDeploymentPostprocessing = 0;
		};
/* End PBXSourcesBuildPhase section */

/* Begin PBXVariantGroup section */
		048B8A852460138A00AD218E /* LaunchScreen.storyboard */ = {
			isa = PBXVariantGroup;
			children = (
				048B8A862460138A00AD218E /* Base */,
			);
			name = LaunchScreen.storyboard;
			sourceTree = "<group>";
		};
/* End PBXVariantGroup section */

/* Begin XCBuildConfiguration section */
		048B8A892460138A00AD218E /* Debug */ = {
			isa = XCBuildConfiguration;
			buildSettings = {
				ALWAYS_SEARCH_USER_PATHS = NO;
				CLANG_ANALYZER_NONNULL = YES;
				CLANG_ANALYZER_NUMBER_OBJECT_CONVERSION = YES_AGGRESSIVE;
				CLANG_CXX_LANGUAGE_STANDARD = "gnu++14";
				CLANG_CXX_LIBRARY = "libc++";
				CLANG_ENABLE_MODULES = YES;
				CLANG_ENABLE_OBJC_ARC = YES;
				CLANG_ENABLE_OBJC_WEAK = YES;
				CLANG_WARN_BLOCK_CAPTURE_AUTORELEASING = YES;
				CLANG_WARN_BOOL_CONVERSION = YES;
				CLANG_WARN_COMMA = YES;
				CLANG_WARN_CONSTANT_CONVERSION = YES;
				CLANG_WARN_DEPRECATED_OBJC_IMPLEMENTATIONS = YES;
				CLANG_WARN_DIRECT_OBJC_ISA_USAGE = YES_ERROR;
				CLANG_WARN_DOCUMENTATION_COMMENTS = YES;
				CLANG_WARN_EMPTY_BODY = YES;
				CLANG_WARN_ENUM_CONVERSION = YES;
				CLANG_WARN_INFINITE_RECURSION = YES;
				CLANG_WARN_INT_CONVERSION = YES;
				CLANG_WARN_NON_LITERAL_NULL_CONVERSION = YES;
				CLANG_WARN_OBJC_IMPLICIT_RETAIN_SELF = YES;
				CLANG_WARN_OBJC_LITERAL_CONVERSION = YES;
				CLANG_WARN_OBJC_ROOT_CLASS = YES_ERROR;
				CLANG_WARN_RANGE_LOOP_ANALYSIS = YES;
				CLANG_WARN_STRICT_PROTOTYPES = YES;
				CLANG_WARN_SUSPICIOUS_MOVE = YES;
				CLANG_WARN_UNGUARDED_AVAILABILITY = YES_AGGRESSIVE;
				CLANG_WARN_UNREACHABLE_CODE = YES;
				CLANG_WARN__DUPLICATE_METHOD_MATCH = YES;
				COPY_PHASE_STRIP = NO;
				DEBUG_INFORMATION_FORMAT = dwarf;
				ENABLE_STRICT_OBJC_MSGSEND = YES;
				ENABLE_TESTABILITY = YES;
				GCC_C_LANGUAGE_STANDARD = gnu11;
				GCC_DYNAMIC_NO_PIC = NO;
				GCC_NO_COMMON_BLOCKS = YES;
				GCC_OPTIMIZATION_LEVEL = 0;
				GCC_PREPROCESSOR_DEFINITIONS = (
					"DEBUG=1",
					"$(inherited)",
				);
				GCC_WARN_64_TO_32_BIT_CONVERSION = YES;
				GCC_WARN_ABOUT_RETURN_TYPE = YES_ERROR;
				GCC_WARN_UNDECLARED_SELECTOR = YES;
				GCC_WARN_UNINITIALIZED_AUTOS = YES_AGGRESSIVE;
				GCC_WARN_UNUSED_FUNCTION = YES;
				GCC_WARN_UNUSED_VARIABLE = YES;
				IPHONEOS_DEPLOYMENT_TARGET = 13.2;
				MTL_ENABLE_DEBUG_INFO = INCLUDE_SOURCE;
				MTL_FAST_MATH = YES;
				ONLY_ACTIVE_ARCH = YES;
				SDKROOT = iphoneos;
				SWIFT_ACTIVE_COMPILATION_CONDITIONS = DEBUG;
				SWIFT_OPTIMIZATION_LEVEL = "-Onone";
			};
			name = Debug;
		};
		048B8A8A2460138A00AD218E /* Release */ = {
			isa = XCBuildConfiguration;
			buildSettings = {
				ALWAYS_SEARCH_USER_PATHS = NO;
				CLANG_ANALYZER_NONNULL = YES;
				CLANG_ANALYZER_NUMBER_OBJECT_CONVERSION = YES_AGGRESSIVE;
				CLANG_CXX_LANGUAGE_STANDARD = "gnu++14";
				CLANG_CXX_LIBRARY = "libc++";
				CLANG_ENABLE_MODULES = YES;
				CLANG_ENABLE_OBJC_ARC = YES;
				CLANG_ENABLE_OBJC_WEAK = YES;
				CLANG_WARN_BLOCK_CAPTURE_AUTORELEASING = YES;
				CLANG_WARN_BOOL_CONVERSION = YES;
				CLANG_WARN_COMMA = YES;
				CLANG_WARN_CONSTANT_CONVERSION = YES;
				CLANG_WARN_DEPRECATED_OBJC_IMPLEMENTATIONS = YES;
				CLANG_WARN_DIRECT_OBJC_ISA_USAGE = YES_ERROR;
				CLANG_WARN_DOCUMENTATION_COMMENTS = YES;
				CLANG_WARN_EMPTY_BODY = YES;
				CLANG_WARN_ENUM_CONVERSION = YES;
				CLANG_WARN_INFINITE_RECURSION = YES;
				CLANG_WARN_INT_CONVERSION = YES;
				CLANG_WARN_NON_LITERAL_NULL_CONVERSION = YES;
				CLANG_WARN_OBJC_IMPLICIT_RETAIN_SELF = YES;
				CLANG_WARN_OBJC_LITERAL_CONVERSION = YES;
				CLANG_WARN_OBJC_ROOT_CLASS = YES_ERROR;
				CLANG_WARN_RANGE_LOOP_ANALYSIS = YES;
				CLANG_WARN_STRICT_PROTOTYPES = YES;
				CLANG_WARN_SUSPICIOUS_MOVE = YES;
				CLANG_WARN_UNGUARDED_AVAILABILITY = YES_AGGRESSIVE;
				CLANG_WARN_UNREACHABLE_CODE = YES;
				CLANG_WARN__DUPLICATE_METHOD_MATCH = YES;
				COPY_PHASE_STRIP = NO;
				DEBUG_INFORMATION_FORMAT = "dwarf-with-dsym";
				ENABLE_NS_ASSERTIONS = NO;
				ENABLE_STRICT_OBJC_MSGSEND = YES;
				GCC_C_LANGUAGE_STANDARD = gnu11;
				GCC_NO_COMMON_BLOCKS = YES;
				GCC_WARN_64_TO_32_BIT_CONVERSION = YES;
				GCC_WARN_ABOUT_RETURN_TYPE = YES_ERROR;
				GCC_WARN_UNDECLARED_SELECTOR = YES;
				GCC_WARN_UNINITIALIZED_AUTOS = YES_AGGRESSIVE;
				GCC_WARN_UNUSED_FUNCTION = YES;
				GCC_WARN_UNUSED_VARIABLE = YES;
				IPHONEOS_DEPLOYMENT_TARGET = 13.2;
				MTL_ENABLE_DEBUG_INFO = NO;
				MTL_FAST_MATH = YES;
				SDKROOT = iphoneos;
				SWIFT_COMPILATION_MODE = wholemodule;
				SWIFT_OPTIMIZATION_LEVEL = "-O";
				VALIDATE_PRODUCT = YES;
			};
			name = Release;
		};
		048B8A8C2460138A00AD218E /* Debug */ = {
			isa = XCBuildConfiguration;
			baseConfigurationReference = 5AE820D8DBC5D5A372C4ED48 /* Pods-LXQRCodeModule.debug.xcconfig */;
			buildSettings = {
				ASSETCATALOG_COMPILER_APPICON_NAME = AppIcon;
				CODE_SIGN_STYLE = Automatic;
				DEVELOPMENT_TEAM = R4ACXVJNVR;
				INFOPLIST_FILE = LXQRCodeModule/Info.plist;
				IPHONEOS_DEPLOYMENT_TARGET = 11.3;
				LD_RUNPATH_SEARCH_PATHS = (
					"$(inherited)",
					"@executable_path/Frameworks",
				);
				PRODUCT_BUNDLE_IDENTIFIER = LIXINGXLee.LXQRCodeModule;
				PRODUCT_NAME = "$(TARGET_NAME)";
				SWIFT_VERSION = 5.0;
				TARGETED_DEVICE_FAMILY = "1,2";
			};
			name = Debug;
		};
		048B8A8D2460138A00AD218E /* Release */ = {
			isa = XCBuildConfiguration;
			baseConfigurationReference = EDC8D376720CF28636E8F299 /* Pods-LXQRCodeModule.release.xcconfig */;
			buildSettings = {
				ASSETCATALOG_COMPILER_APPICON_NAME = AppIcon;
				CODE_SIGN_STYLE = Automatic;
				DEVELOPMENT_TEAM = 4HP843PHPG;
				INFOPLIST_FILE = LXQRCodeModule/Info.plist;
				IPHONEOS_DEPLOYMENT_TARGET = 11.3;
				LD_RUNPATH_SEARCH_PATHS = (
					"$(inherited)",
					"@executable_path/Frameworks",
				);
				PRODUCT_BUNDLE_IDENTIFIER = LIXINGXLee.LXQRCodeModule;
				PRODUCT_NAME = "$(TARGET_NAME)";
				SWIFT_VERSION = 5.0;
				TARGETED_DEVICE_FAMILY = "1,2";
			};
			name = Release;
		};
/* End XCBuildConfiguration section */

/* Begin XCConfigurationList section */
		048B8A722460138600AD218E /* Build configuration list for PBXProject "LXQRCodeModule" */ = {
			isa = XCConfigurationList;
			buildConfigurations = (
				048B8A892460138A00AD218E /* Debug */,
				048B8A8A2460138A00AD218E /* Release */,
			);
			defaultConfigurationIsVisible = 0;
			defaultConfigurationName = Release;
		};
		048B8A8B2460138A00AD218E /* Build configuration list for PBXNativeTarget "LXQRCodeModule" */ = {
			isa = XCConfigurationList;
			buildConfigurations = (
				048B8A8C2460138A00AD218E /* Debug */,
				048B8A8D2460138A00AD218E /* Release */,
			);
			defaultConfigurationIsVisible = 0;
			defaultConfigurationName = Release;
		};
/* End XCConfigurationList section */
	};
	rootObject = 048B8A6F2460138600AD218E /* Project object */;
}
